
Microsoft Visual Studio Solution File, Format Version 12.00
# Visual Studio 15
VisualStudioVersion = 15.0.28010.2026
MinimumVisualStudioVersion = 10.0.40219.1
Project("{FAE04EC0-301F-11D3-BF4B-00C04F79EFBC}") = "1809_BankApp", "1809_BankApplication\1809_BankApp.csproj", "{781298AF-3AE4-4D7D-8D03-1FC00FD246E0}"
EndProject
Project("{FAE04EC0-301F-11D3-BF4B-00C04F79EFBC}") = "BankTests", "1809_BankApplication\BankTests\BankTests.csproj", "{3127900B-53B8-4449-A6E4-C3DD4872036F}"
EndProject
Global
	GlobalSection(SolutionConfigurationPlatforms) = preSolution
		Debug|Any CPU = Debug|Any CPU
		Debug|x86 = Debug|x86
		Release|Any CPU = Release|Any CPU
		Release|x86 = Release|x86
	EndGlobalSection
	GlobalSection(ProjectConfigurationPlatforms) = postSolution
		{781298AF-3AE4-4D7D-8D03-1FC00FD246E0}.Debug|Any CPU.ActiveCfg = Debug|x86
		{781298AF-3AE4-4D7D-8D03-1FC00FD246E0}.Debug|x86.ActiveCfg = Debug|x86
		{781298AF-3AE4-4D7D-8D03-1FC00FD246E0}.Debug|x86.Build.0 = Debug|x86
		{781298AF-3AE4-4D7D-8D03-1FC00FD246E0}.Release|Any CPU.ActiveCfg = Release|x86
		{781298AF-3AE4-4D7D-8D03-1FC00FD246E0}.Release|x86.ActiveCfg = Release|x86
		{781298AF-3AE4-4D7D-8D03-1FC00FD246E0}.Release|x86.Build.0 = Release|x86
		{3127900B-53B8-4449-A6E4-C3DD4872036F}.Debug|Any CPU.ActiveCfg = Debug|Any CPU
		{3127900B-53B8-4449-A6E4-C3DD4872036F}.Debug|Any CPU.Build.0 = Debug|Any CPU
		{3127900B-53B8-4449-A6E4-C3DD4872036F}.Debug|x86.ActiveCfg = Debug|Any CPU
		{3127900B-53B8-4449-A6E4-C3DD4872036F}.Debug|x86.Build.0 = Debug|Any CPU
		{3127900B-53B8-4449-A6E4-C3DD4872036F}.Release|Any CPU.ActiveCfg = Release|Any CPU
		{3127900B-53B8-4449-A6E4-C3DD4872036F}.Release|Any CPU.Build.0 = Release|Any CPU
		{3127900B-53B8-4449-A6E4-C3DD4872036F}.Release|x86.ActiveCfg = Release|Any CPU
		{3127900B-53B8-4449-A6E4-C3DD4872036F}.Release|x86.Build.0 = Release|Any CPU
	EndGlobalSection
	GlobalSection(SolutionProperties) = preSolution
		HideSolutionNode = FALSE
	EndGlobalSection
	GlobalSection(ExtensibilityGlobals) = postSolution
		SolutionGuid = {36BFB784-5C37-4637-8F7D-FD09288D9376}
	EndGlobalSection
EndGlobal
